// !$*UTF8*$!
{
	archiveVersion = 1;
	classes = {
	};
	objectVersion = 46;
	objects = {

/* Begin PBXBuildFile section */
		EF4574671E56245200408682 /* AppDelegate.swift in Sources */ = {isa = PBXBuildFile; fileRef = EF4574661E56245200408682 /* AppDelegate.swift */; };
		EF4574691E56245200408682 /* RangeViewController.swift in Sources */ = {isa = PBXBuildFile; fileRef = EF4574681E56245200408682 /* RangeViewController.swift */; };
		EF45746C1E56245200408682 /* Main.storyboard in Resources */ = {isa = PBXBuildFile; fileRef = EF45746A1E56245200408682 /* Main.storyboard */; };
		EF45746E1E56245200408682 /* Assets.xcassets in Resources */ = {isa = PBXBuildFile; fileRef = EF45746D1E56245200408682 /* Assets.xcassets */; };
		EF4574711E56245200408682 /* LaunchScreen.storyboard in Resources */ = {isa = PBXBuildFile; fileRef = EF45746F1E56245200408682 /* LaunchScreen.storyboard */; };
		EF4574791E562C5000408682 /* FirstViewController.swift in Sources */ = {isa = PBXBuildFile; fileRef = EF4574781E562C5000408682 /* FirstViewController.swift */; };
/* End PBXBuildFile section */

/* Begin PBXFileReference section */
		EF4574631E56245200408682 /* iBeaconProximityFinder.app */ = {isa = PBXFileReference; explicitFileType = wrapper.application; includeInIndex = 0; path = iBeaconProximityFinder.app; sourceTree = BUILT_PRODUCTS_DIR; };
		EF4574661E56245200408682 /* AppDelegate.swift */ = {isa = PBXFileReference; lastKnownFileType = sourcecode.swift; path = AppDelegate.swift; sourceTree = "<group>"; };
		EF4574681E56245200408682 /* RangeViewController.swift */ = {isa = PBXFileReference; lastKnownFileType = sourcecode.swift; path = RangeViewController.swift; sourceTree = "<group>"; };
		EF45746B1E56245200408682 /* Base */ = {isa = PBXFileReference; lastKnownFileType = file.storyboard; name = Base; path = Base.lproj/Main.storyboard; sourceTree = "<group>"; };
		EF45746D1E56245200408682 /* Assets.xcassets */ = {isa = PBXFileReference; lastKnownFileType = folder.assetcatalog; path = Assets.xcassets; sourceTree = "<group>"; };
		EF4574701E56245200408682 /* Base */ = {isa = PBXFileReference; lastKnownFileType = file.storyboard; name = Base; path = Base.lproj/LaunchScreen.storyboard; sourceTree = "<group>"; };
		EF4574721E56245200408682 /* Info.plist */ = {isa = PBXFileReference; lastKnownFileType = text.plist.xml; path = Info.plist; sourceTree = "<group>"; };
		EF4574781E562C5000408682 /* FirstViewController.swift */ = {isa = PBXFileReference; fileEncoding = 4; lastKnownFileType = sourcecode.swift; path = FirstViewController.swift; sourceTree = "<group>"; };
/* End PBXFileReference section */

/* Begin PBXFrameworksBuildPhase section */
		EF4574601E56245100408682 /* Frameworks */ = {
			isa = PBXFrameworksBuildPhase;
			buildActionMask = 2147483647;
			files = (
			);
			runOnlyForDeploymentPostprocessing = 0;
		};
/* End PBXFrameworksBuildPhase section */

/* Begin PBXGroup section */
		EF45745A1E56245100408682 = {
			isa = PBXGroup;
			children = (
				EF4574651E56245200408682 /* iBeaconProximityFinder */,
				EF4574641E56245200408682 /* Products */,
			);
			sourceTree = "<group>";
		};
		EF4574641E56245200408682 /* Products */ = {
			isa = PBXGroup;
			children = (
				EF4574631E56245200408682 /* iBeaconProximityFinder.app */,
			);
			name = Products;
			sourceTree = "<group>";
		};
		EF4574651E56245200408682 /* iBeaconProximityFinder */ = {
			isa = PBXGroup;
			children = (
				EF4574661E56245200408682 /* AppDelegate.swift */,
				EF4574681E56245200408682 /* RangeViewController.swift */,
				EF4574781E562C5000408682 /* FirstViewController.swift */,
				EF45746A1E56245200408682 /* Main.storyboard */,
				EF45746D1E56245200408682 /* Assets.xcassets */,
				EF45746F1E56245200408682 /* LaunchScreen.storyboard */,
				EF4574721E56245200408682 /* Info.plist */,
			);
			path = iBeaconProximityFinder;
			sourceTree = "<group>";
		};
/* End PBXGroup section */

/* Begin PBXNativeTarget section */
		EF4574621E56245100408682 /* iBeaconProximityFinder */ = {
			isa = PBXNativeTarget;
			buildConfigurationList = EF4574751E56245200408682 /* Build configuration list for PBXNativeTarget "iBeaconProximityFinder" */;
			buildPhases = (
				EF45745F1E56245100408682 /* Sources */,
				EF4574601E56245100408682 /* Frameworks */,
				EF4574611E56245100408682 /* Resources */,
			);
			buildRules = (
			);
			dependencies = (
			);
			name = iBeaconProximityFinder;
			productName = iBeaconProximityFinder;
			productReference = EF4574631E56245200408682 /* iBeaconProximityFinder.app */;
			productType = "com.apple.product-type.application";
		};
/* End PBXNativeTarget section */

/* Begin PBXProject section */
		EF45745B1E56245100408682 /* Project object */ = {
			isa = PBXProject;
			attributes = {
				LastSwiftUpdateCheck = 0820;
				LastUpgradeCheck = 0820;
				ORGANIZATIONNAME = "DTSE Swift Coders";
				TargetAttributes = {
					EF4574621E56245100408682 = {
						CreatedOnToolsVersion = 8.2.1;
						DevelopmentTeam = UJCWNQT8EJ;
						ProvisioningStyle = Automatic;
					};
				};
			};
			buildConfigurationList = EF45745E1E56245100408682 /* Build configuration list for PBXProject "iBeaconProximityFinder" */;
			compatibilityVersion = "Xcode 3.2";
			developmentRegion = English;
			hasScannedForEncodings = 0;
			knownRegions = (
				en,
				Base,
			);
			mainGroup = EF45745A1E56245100408682;
			productRefGroup = EF4574641E56245200408682 /* Products */;
			projectDirPath = "";
			projectRoot = "";
			targets = (
				EF4574621E56245100408682 /* iBeaconProximityFinder */,
			);
		};
/* End PBXProject section */

/* Begin PBXResourcesBuildPhase section */
		EF4574611E56245100408682 /* Resources */ = {
			isa = PBXResourcesBuildPhase;
			buildActionMask = 2147483647;
			files = (
				EF4574711E56245200408682 /* LaunchScreen.storyboard in Resources */,
				EF45746E1E56245200408682 /* Assets.xcassets in Resources */,
				EF45746C1E56245200408682 /* Main.storyboard in Resources */,
			);
			runOnlyForDeploymentPostprocessing = 0;
		};
/* End PBXResourcesBuildPhase section */

/* Begin PBXSourcesBuildPhase section */
		EF45745F1E56245100408682 /* Sources */ = {
			isa = PBXSourcesBuildPhase;
			buildActionMask = 2147483647;
			files = (
				EF4574791E562C5000408682 /* FirstViewController.swift in Sources */,
				EF4574691E56245200408682 /* RangeViewController.swift in Sources */,
				EF4574671E56245200408682 /* AppDelegate.swift in Sources */,
			);
			runOnlyForDeploymentPostprocessing = 0;
		};
/* End PBXSourcesBuildPhase section */

/* Begin PBXVariantGroup section */
		EF45746A1E56245200408682 /* Main.storyboard */ = {
			isa = PBXVariantGroup;
			children = (
				EF45746B1E56245200408682 /* Base */,
			);
			name = Main.storyboard;
			sourceTree = "<group>";
		};
		EF45746F1E56245200408682 /* LaunchScreen.storyboard */ = {
			isa = PBXVariantGroup;
			children = (
				EF4574701E56245200408682 /* Base */,
			);
			name = LaunchScreen.storyboard;
			sourceTree = "<group>";
		};
/* End PBXVariantGroup section */

/* Begin XCBuildConfiguration section */
		EF4574731E56245200408682 /* Debug */ = {
			isa = XCBuildConfiguration;
			buildSettings = {
				ALWAYS_SEARCH_USER_PATHS = NO;
				CLANG_ANALYZER_NONNULL = YES;
				CLANG_CXX_LANGUAGE_STANDARD = "gnu++0x";
				CLANG_CXX_LIBRARY = "libc++";
				CLANG_ENABLE_MODULES = YES;
				CLANG_ENABLE_OBJC_ARC = YES;
				CLANG_WARN_BOOL_CONVERSION = YES;
				CLANG_WARN_CONSTANT_CONVERSION = YES;
				CLANG_WARN_DIRECT_OBJC_ISA_USAGE = YES_ERROR;
				CLANG_WARN_DOCUMENTATION_COMMENTS = YES;
				CLANG_WARN_EMPTY_BODY = YES;
				CLANG_WARN_ENUM_CONVERSION = YES;
				CLANG_WARN_INFINITE_RECURSION = YES;
				CLANG_WARN_INT_CONVERSION = YES;
				CLANG_WARN_OBJC_ROOT_CLASS = YES_ERROR;
				CLANG_WARN_SUSPICIOUS_MOVE = YES;
				CLANG_WARN_UNREACHABLE_CODE = YES;
				CLANG_WARN__DUPLICATE_METHOD_MATCH = YES;
				"CODE_SIGN_IDENTITY[sdk=iphoneos*]" = "iPhone Developer";
				COPY_PHASE_STRIP = NO;
				DEBUG_INFORMATION_FORMAT = dwarf;
				ENABLE_STRICT_OBJC_MSGSEND = YES;
				ENABLE_TESTABILITY = YES;
				GCC_C_LANGUAGE_STANDARD = gnu99;
				GCC_DYNAMIC_NO_PIC = NO;
				GCC_NO_COMMON_BLOCKS = YES;
				GCC_OPTIMIZATION_LEVEL = 0;
				GCC_PREPROCESSOR_DEFINITIONS = (
					"DEBUG=1",
					"$(inherited)",
				);
				GCC_WARN_64_TO_32_BIT_CONVERSION = YES;
				GCC_WARN_ABOUT_RETURN_TYPE = YES_ERROR;
				GCC_WARN_UNDECLARED_SELECTOR = YES;
				GCC_WARN_UNINITIALIZED_AUTOS = YES_AGGRESSIVE;
				GCC_WARN_UNUSED_FUNCTION = YES;
				GCC_WARN_UNUSED_VARIABLE = YES;
				IPHONEOS_DEPLOYMENT_TARGET = 10.2;
				MTL_ENABLE_DEBUG_INFO = YES;
				ONLY_ACTIVE_ARCH = YES;
				SDKROOT = iphoneos;
				SWIFT_ACTIVE_COMPILATION_CONDITIONS = DEBUG;
				SWIFT_OPTIMIZATION_LEVEL = "-Onone";
				TARGETED_DEVICE_FAMILY = "1,2";
			};
			name = Debug;
		};
		EF4574741E56245200408682 /* Release */ = {
			isa = XCBuildConfiguration;
			buildSettings = {
				ALWAYS_SEARCH_USER_PATHS = NO;
				CLANG_ANALYZER_NONNULL = YES;
				CLANG_CXX_LANGUAGE_STANDARD = "gnu++0x";
				CLANG_CXX_LIBRARY = "libc++";
				CLANG_ENABLE_MODULES = YES;
				CLANG_ENABLE_OBJC_ARC = YES;
				CLANG_WARN_BOOL_CONVERSION = YES;
				CLANG_WARN_CONSTANT_CONVERSION = YES;
				CLANG_WARN_DIRECT_OBJC_ISA_USAGE = YES_ERROR;
				CLANG_WARN_DOCUMENTATION_COMMENTS = YES;
				CLANG_WARN_EMPTY_BODY = YES;
				CLANG_WARN_ENUM_CONVERSION = YES;
				CLANG_WARN_INFINITE_RECURSION = YES;
				CLANG_WARN_INT_CONVERSION = YES;
				CLANG_WARN_OBJC_ROOT_CLASS = YES_ERROR;
				CLANG_WARN_SUSPICIOUS_MOVE = YES;
				CLANG_WARN_UNREACHABLE_CODE = YES;
				CLANG_WARN__DUPLICATE_METHOD_MATCH = YES;
				"CODE_SIGN_IDENTITY[sdk=iphoneos*]" = "iPhone Developer";
				COPY_PHASE_STRIP = NO;
				DEBUG_INFORMATION_FORMAT = "dwarf-with-dsym";
				ENABLE_NS_ASSERTIONS = NO;
				ENABLE_STRICT_OBJC_MSGSEND = YES;
				GCC_C_LANGUAGE_STANDARD = gnu99;
				GCC_NO_COMMON_BLOCKS = YES;
				GCC_WARN_64_TO_32_BIT_CONVERSION = YES;
				GCC_WARN_ABOUT_RETURN_TYPE = YES_ERROR;
				GCC_WARN_UNDECLARED_SELECTOR = YES;
				GCC_WARN_UNINITIALIZED_AUTOS = YES_AGGRESSIVE;
				GCC_WARN_UNUSED_FUNCTION = YES;
				GCC_WARN_UNUSED_VARIABLE = YES;
				IPHONEOS_DEPLOYMENT_TARGET = 10.2;
				MTL_ENABLE_DEBUG_INFO = NO;
				SDKROOT = iphoneos;
				SWIFT_OPTIMIZATION_LEVEL = "-Owholemodule";
				TARGETED_DEVICE_FAMILY = "1,2";
				VALIDATE_PRODUCT = YES;
			};
			name = Release;
		};
		EF4574761E56245200408682 /* Debug */ = {
			isa = XCBuildConfiguration;
			buildSettings = {
				ASSETCATALOG_COMPILER_APPICON_NAME = AppIcon;
				DEVELOPMENT_TEAM = UJCWNQT8EJ;
				INFOPLIST_FILE = iBeaconProximityFinder/Info.plist;
				LD_RUNPATH_SEARCH_PATHS = "$(inherited) @executable_path/Frameworks";
				PRODUCT_BUNDLE_IDENTIFIER = com.DTSESwiftCoders.iBeaconProximityFinder;
				PRODUCT_NAME = "$(TARGET_NAME)";
				SWIFT_VERSION = 3.0;
			};
			name = Debug;
		};
		EF4574771E56245200408682 /* Release */ = {
			isa = XCBuildConfiguration;
			buildSettings = {
				ASSETCATALOG_COMPILER_APPICON_NAME = AppIcon;
				DEVELOPMENT_TEAM = UJCWNQT8EJ;
				INFOPLIST_FILE = iBeaconProximityFinder/Info.plist;
				LD_RUNPATH_SEARCH_PATHS = "$(inherited) @executable_path/Frameworks";
				PRODUCT_BUNDLE_IDENTIFIER = com.DTSESwiftCoders.iBeaconProximityFinder;
				PRODUCT_NAME = "$(TARGET_NAME)";
				SWIFT_VERSION = 3.0;
			};
			name = Release;
		};
/* End XCBuildConfiguration section */

/* Begin XCConfigurationList section */
		EF45745E1E56245100408682 /* Build configuration list for PBXProject "iBeaconProximityFinder" */ = {
			isa = XCConfigurationList;
			buildConfigurations = (
				EF4574731E56245200408682 /* Debug */,
				EF4574741E56245200408682 /* Release */,
			);
			defaultConfigurationIsVisible = 0;
			defaultConfigurationName = Release;
		};
		EF4574751E56245200408682 /* Build configuration list for PBXNativeTarget "iBeaconProximityFinder" */ = {
			isa = XCConfigurationList;
			buildConfigurations = (
				EF4574761E56245200408682 /* Debug */,
				EF4574771E56245200408682 /* Release */,
			);
			defaultConfigurationIsVisible = 0;
		};
/* End XCConfigurationList section */
	};
	rootObject = EF45745B1E56245100408682 /* Project object */;
}
